PODS:
  - Charts (3.5.0):
    - Charts/Core (= 3.5.0)
  - Charts/Core (3.5.0)
  - SwiftyGif (5.1.1)

DEPENDENCIES:
  - Charts
  - SwiftyGif (= 5.1.1)

SPEC REPOS:
  trunk:
    - Charts
    - SwiftyGif

SPEC CHECKSUMS:
  Charts: 40a08591df1f8ad5c223ddedfb1a06da92f24f7c
  SwiftyGif: f7702483db93586a41f04f4927cd682852a2fa10

PODFILE CHECKSUM: 9eb89634e43820147a5fe25e19562fe5d0058be1

COCOAPODS: 1.9.1
